
Microsoft Visual Studio Solution File, Format Version 12.00
# Visual Studio Version 16
VisualStudioVersion = 16.0.30804.86
MinimumVisualStudioVersion = 10.0.40219.1
Project("{FAE04EC0-301F-11D3-BF4B-00C04F79EFBC}") = "WindowsFormsApp1", "WindowsFormsApp1.csproj", "{354A8666-2A77-4E87-8415-1A47D277EEB8}"
EndProject
Global
	GlobalSection(SolutionConfigurationPlatforms) = preSolution
		Debug|Any CPU = Debug|Any CPU
		Release|Any CPU = Release|Any CPU
	EndGlobalSection
	GlobalSection(ProjectConfigurationPlatforms) = postSolution
		{354A8666-2A77-4E87-8415-1A47D277EEB8}.Debug|Any CPU.ActiveCfg = Debug|Any CPU
		{354A8666-2A77-4E87-8415-1A47D277EEB8}.Debug|Any CPU.Build.0 = Debug|Any CPU
		{354A8666-2A77-4E87-8415-1A47D277EEB8}.Release|Any CPU.ActiveCfg = Release|Any CPU
		{354A8666-2A77-4E87-8415-1A47D277EEB8}.Release|Any CPU.Build.0 = Release|Any CPU
	EndGlobalSection
	GlobalSection(SolutionProperties) = preSolution
		HideSolutionNode = FALSE
	EndGlobalSection
	GlobalSection(ExtensibilityGlobals) = postSolution
		SolutionGuid = {2007E16A-B2D6-4523-909B-1E8ECE4F12D1}
	EndGlobalSection
EndGlobal
